// !$*UTF8*$!
{
	archiveVersion = 1;
	classes = {
	};
	objectVersion = 56;
	objects = {

/* Begin PBXBuildFile section */
		CA4D23C72960668500E8FB18 /* LocationPinView.swift in Sources */ = {isa = PBXBuildFile; fileRef = CA4D23C62960668500E8FB18 /* LocationPinView.swift */; };
		CA4D23C929606CD100E8FB18 /* LocationDetailsview.swift in Sources */ = {isa = PBXBuildFile; fileRef = CA4D23C829606CD100E8FB18 /* LocationDetailsview.swift */; };
		CA76BB88295B60F400FD02C3 /* LocationListView.swift in Sources */ = {isa = PBXBuildFile; fileRef = CA76BB87295B60F400FD02C3 /* LocationListView.swift */; };
		CA76BB8A295B71E400FD02C3 /* LocationPreviewView.swift in Sources */ = {isa = PBXBuildFile; fileRef = CA76BB89295B71E400FD02C3 /* LocationPreviewView.swift */; };
		CAEE0EB82959D2BE002273D3 /* HeloMapApp.swift in Sources */ = {isa = PBXBuildFile; fileRef = CAEE0EB72959D2BE002273D3 /* HeloMapApp.swift */; };
		CAEE0EBA2959D2BE002273D3 /* ContentView.swift in Sources */ = {isa = PBXBuildFile; fileRef = CAEE0EB92959D2BE002273D3 /* ContentView.swift */; };
		CAEE0EBF2959D2BF002273D3 /* Preview Assets.xcassets in Resources */ = {isa = PBXBuildFile; fileRef = CAEE0EBE2959D2BF002273D3 /* Preview Assets.xcassets */; };
		CAEE0EC62959DC67002273D3 /* Assets.xcassets in Resources */ = {isa = PBXBuildFile; fileRef = CAEE0EC52959DC67002273D3 /* Assets.xcassets */; };
		CAEE0ECB2959DDB7002273D3 /* Location.swift in Sources */ = {isa = PBXBuildFile; fileRef = CAEE0ECA2959DDB7002273D3 /* Location.swift */; };
		CAEE0ECE2959E04C002273D3 /* LocationsDataService.swift in Sources */ = {isa = PBXBuildFile; fileRef = CAEE0ECD2959E04C002273D3 /* LocationsDataService.swift */; };
		CAEE0ED02959E24A002273D3 /* LocationView.swift in Sources */ = {isa = PBXBuildFile; fileRef = CAEE0ECF2959E24A002273D3 /* LocationView.swift */; };
		CAEE0ED22959E61B002273D3 /* LocationViewModel.swift in Sources */ = {isa = PBXBuildFile; fileRef = CAEE0ED12959E61B002273D3 /* LocationViewModel.swift */; };
/* End PBXBuildFile section */

/* Begin PBXFileReference section */
		CA4D23C62960668500E8FB18 /* LocationPinView.swift */ = {isa = PBXFileReference; lastKnownFileType = sourcecode.swift; path = LocationPinView.swift; sourceTree = "<group>"; };
		CA4D23C829606CD100E8FB18 /* LocationDetailsview.swift */ = {isa = PBXFileReference; lastKnownFileType = sourcecode.swift; path = LocationDetailsview.swift; sourceTree = "<group>"; };
		CA76BB87295B60F400FD02C3 /* LocationListView.swift */ = {isa = PBXFileReference; lastKnownFileType = sourcecode.swift; path = LocationListView.swift; sourceTree = "<group>"; };
		CA76BB89295B71E400FD02C3 /* LocationPreviewView.swift */ = {isa = PBXFileReference; lastKnownFileType = sourcecode.swift; path = LocationPreviewView.swift; sourceTree = "<group>"; };
		CAEE0EB42959D2BE002273D3 /* HeloMap.app */ = {isa = PBXFileReference; explicitFileType = wrapper.application; includeInIndex = 0; path = HeloMap.app; sourceTree = BUILT_PRODUCTS_DIR; };
		CAEE0EB72959D2BE002273D3 /* HeloMapApp.swift */ = {isa = PBXFileReference; lastKnownFileType = sourcecode.swift; path = HeloMapApp.swift; sourceTree = "<group>"; };
		CAEE0EB92959D2BE002273D3 /* ContentView.swift */ = {isa = PBXFileReference; lastKnownFileType = sourcecode.swift; path = ContentView.swift; sourceTree = "<group>"; };
		CAEE0EBE2959D2BF002273D3 /* Preview Assets.xcassets */ = {isa = PBXFileReference; lastKnownFileType = folder.assetcatalog; path = "Preview Assets.xcassets"; sourceTree = "<group>"; };
		CAEE0EC52959DC67002273D3 /* Assets.xcassets */ = {isa = PBXFileReference; lastKnownFileType = folder.assetcatalog; path = Assets.xcassets; sourceTree = "<group>"; };
		CAEE0ECA2959DDB7002273D3 /* Location.swift */ = {isa = PBXFileReference; lastKnownFileType = sourcecode.swift; path = Location.swift; sourceTree = "<group>"; };
		CAEE0ECD2959E04C002273D3 /* LocationsDataService.swift */ = {isa = PBXFileReference; fileEncoding = 4; lastKnownFileType = sourcecode.swift; path = LocationsDataService.swift; sourceTree = "<group>"; };
		CAEE0ECF2959E24A002273D3 /* LocationView.swift */ = {isa = PBXFileReference; lastKnownFileType = sourcecode.swift; path = LocationView.swift; sourceTree = "<group>"; };
		CAEE0ED12959E61B002273D3 /* LocationViewModel.swift */ = {isa = PBXFileReference; lastKnownFileType = sourcecode.swift; path = LocationViewModel.swift; sourceTree = "<group>"; };
/* End PBXFileReference section */

/* Begin PBXFrameworksBuildPhase section */
		CAEE0EB12959D2BE002273D3 /* Frameworks */ = {
			isa = PBXFrameworksBuildPhase;
			buildActionMask = 2147483647;
			files = (
			);
			runOnlyForDeploymentPostprocessing = 0;
		};
/* End PBXFrameworksBuildPhase section */

/* Begin PBXGroup section */
		CAEE0EAB2959D2BD002273D3 = {
			isa = PBXGroup;
			children = (
				CAEE0EB62959D2BE002273D3 /* HeloMap */,
				CAEE0EB52959D2BE002273D3 /* Products */,
			);
			sourceTree = "<group>";
		};
		CAEE0EB52959D2BE002273D3 /* Products */ = {
			isa = PBXGroup;
			children = (
				CAEE0EB42959D2BE002273D3 /* HeloMap.app */,
			);
			name = Products;
			sourceTree = "<group>";
		};
		CAEE0EB62959D2BE002273D3 /* HeloMap */ = {
			isa = PBXGroup;
			children = (
				CAEE0ECC2959DF8B002273D3 /* DataServices */,
				CAEE0EC92959DD73002273D3 /* ViewModels */,
				CAEE0EC82959DD64002273D3 /* Models */,
				CAEE0EC72959DD58002273D3 /* Views */,
				CAEE0EB72959D2BE002273D3 /* HeloMapApp.swift */,
				CAEE0EB92959D2BE002273D3 /* ContentView.swift */,
				CAEE0EC52959DC67002273D3 /* Assets.xcassets */,
				CAEE0EBD2959D2BF002273D3 /* Preview Content */,
			);
			path = HeloMap;
			sourceTree = "<group>";
		};
		CAEE0EBD2959D2BF002273D3 /* Preview Content */ = {
			isa = PBXGroup;
			children = (
				CAEE0EBE2959D2BF002273D3 /* Preview Assets.xcassets */,
			);
			path = "Preview Content";
			sourceTree = "<group>";
		};
		CAEE0EC72959DD58002273D3 /* Views */ = {
			isa = PBXGroup;
			children = (
				CAEE0ECF2959E24A002273D3 /* LocationView.swift */,
				CA76BB87295B60F400FD02C3 /* LocationListView.swift */,
				CA76BB89295B71E400FD02C3 /* LocationPreviewView.swift */,
				CA4D23C62960668500E8FB18 /* LocationPinView.swift */,
				CA4D23C829606CD100E8FB18 /* LocationDetailsview.swift */,
			);
			path = Views;
			sourceTree = "<group>";
		};
		CAEE0EC82959DD64002273D3 /* Models */ = {
			isa = PBXGroup;
			children = (
				CAEE0ECA2959DDB7002273D3 /* Location.swift */,
			);
			path = Models;
			sourceTree = "<group>";
		};
		CAEE0EC92959DD73002273D3 /* ViewModels */ = {
			isa = PBXGroup;
			children = (
				CAEE0ED12959E61B002273D3 /* LocationViewModel.swift */,
			);
			path = ViewModels;
			sourceTree = "<group>";
		};
		CAEE0ECC2959DF8B002273D3 /* DataServices */ = {
			isa = PBXGroup;
			children = (
				CAEE0ECD2959E04C002273D3 /* LocationsDataService.swift */,
			);
			path = DataServices;
			sourceTree = "<group>";
		};
/* End PBXGroup section */

/* Begin PBXNativeTarget section */
		CAEE0EB32959D2BE002273D3 /* HeloMap */ = {
			isa = PBXNativeTarget;
			buildConfigurationList = CAEE0EC22959D2BF002273D3 /* Build configuration list for PBXNativeTarget "HeloMap" */;
			buildPhases = (
				CAEE0EB02959D2BE002273D3 /* Sources */,
				CAEE0EB12959D2BE002273D3 /* Frameworks */,
				CAEE0EB22959D2BE002273D3 /* Resources */,
			);
			buildRules = (
			);
			dependencies = (
			);
			name = HeloMap;
			productName = HeloMap;
			productReference = CAEE0EB42959D2BE002273D3 /* HeloMap.app */;
			productType = "com.apple.product-type.application";
		};
/* End PBXNativeTarget section */

/* Begin PBXProject section */
		CAEE0EAC2959D2BD002273D3 /* Project object */ = {
			isa = PBXProject;
			attributes = {
				BuildIndependentTargetsInParallel = 1;
				LastSwiftUpdateCheck = 1420;
				LastUpgradeCheck = 1420;
				TargetAttributes = {
					CAEE0EB32959D2BE002273D3 = {
						CreatedOnToolsVersion = 14.2;
					};
				};
			};
			buildConfigurationList = CAEE0EAF2959D2BD002273D3 /* Build configuration list for PBXProject "HeloMap" */;
			compatibilityVersion = "Xcode 14.0";
			developmentRegion = en;
			hasScannedForEncodings = 0;
			knownRegions = (
				en,
				Base,
			);
			mainGroup = CAEE0EAB2959D2BD002273D3;
			productRefGroup = CAEE0EB52959D2BE002273D3 /* Products */;
			projectDirPath = "";
			projectRoot = "";
			targets = (
				CAEE0EB32959D2BE002273D3 /* HeloMap */,
			);
		};
/* End PBXProject section */

/* Begin PBXResourcesBuildPhase section */
		CAEE0EB22959D2BE002273D3 /* Resources */ = {
			isa = PBXResourcesBuildPhase;
			buildActionMask = 2147483647;
			files = (
				CAEE0EC62959DC67002273D3 /* Assets.xcassets in Resources */,
				CAEE0EBF2959D2BF002273D3 /* Preview Assets.xcassets in Resources */,
			);
			runOnlyForDeploymentPostprocessing = 0;
		};
/* End PBXResourcesBuildPhase section */

/* Begin PBXSourcesBuildPhase section */
		CAEE0EB02959D2BE002273D3 /* Sources */ = {
			isa = PBXSourcesBuildPhase;
			buildActionMask = 2147483647;
			files = (
				CAEE0ECE2959E04C002273D3 /* LocationsDataService.swift in Sources */,
				CAEE0ED22959E61B002273D3 /* LocationViewModel.swift in Sources */,
				CA76BB8A295B71E400FD02C3 /* LocationPreviewView.swift in Sources */,
				CAEE0EBA2959D2BE002273D3 /* ContentView.swift in Sources */,
				CA4D23C72960668500E8FB18 /* LocationPinView.swift in Sources */,
				CAEE0ED02959E24A002273D3 /* LocationView.swift in Sources */,
				CA76BB88295B60F400FD02C3 /* LocationListView.swift in Sources */,
				CAEE0ECB2959DDB7002273D3 /* Location.swift in Sources */,
				CA4D23C929606CD100E8FB18 /* LocationDetailsview.swift in Sources */,
				CAEE0EB82959D2BE002273D3 /* HeloMapApp.swift in Sources */,
			);
			runOnlyForDeploymentPostprocessing = 0;
		};
/* End PBXSourcesBuildPhase section */

/* Begin XCBuildConfiguration section */
		CAEE0EC02959D2BF002273D3 /* Debug */ = {
			isa = XCBuildConfiguration;
			buildSettings = {
				ALWAYS_SEARCH_USER_PATHS = NO;
				CLANG_ANALYZER_NONNULL = YES;
				CLANG_ANALYZER_NUMBER_OBJECT_CONVERSION = YES_AGGRESSIVE;
				CLANG_CXX_LANGUAGE_STANDARD = "gnu++20";
				CLANG_ENABLE_MODULES = YES;
				CLANG_ENABLE_OBJC_ARC = YES;
				CLANG_ENABLE_OBJC_WEAK = YES;
				CLANG_WARN_BLOCK_CAPTURE_AUTORELEASING = YES;
				CLANG_WARN_BOOL_CONVERSION = YES;
				CLANG_WARN_COMMA = YES;
				CLANG_WARN_CONSTANT_CONVERSION = YES;
				CLANG_WARN_DEPRECATED_OBJC_IMPLEMENTATIONS = YES;
				CLANG_WARN_DIRECT_OBJC_ISA_USAGE = YES_ERROR;
				CLANG_WARN_DOCUMENTATION_COMMENTS = YES;
				CLANG_WARN_EMPTY_BODY = YES;
				CLANG_WARN_ENUM_CONVERSION = YES;
				CLANG_WARN_INFINITE_RECURSION = YES;
				CLANG_WARN_INT_CONVERSION = YES;
				CLANG_WARN_NON_LITERAL_NULL_CONVERSION = YES;
				CLANG_WARN_OBJC_IMPLICIT_RETAIN_SELF = YES;
				CLANG_WARN_OBJC_LITERAL_CONVERSION = YES;
				CLANG_WARN_OBJC_ROOT_CLASS = YES_ERROR;
				CLANG_WARN_QUOTED_INCLUDE_IN_FRAMEWORK_HEADER = YES;
				CLANG_WARN_RANGE_LOOP_ANALYSIS = YES;
				CLANG_WARN_STRICT_PROTOTYPES = YES;
				CLANG_WARN_SUSPICIOUS_MOVE = YES;
				CLANG_WARN_UNGUARDED_AVAILABILITY = YES_AGGRESSIVE;
				CLANG_WARN_UNREACHABLE_CODE = YES;
				CLANG_WARN__DUPLICATE_METHOD_MATCH = YES;
				COPY_PHASE_STRIP = NO;
				DEBUG_INFORMATION_FORMAT = dwarf;
				ENABLE_STRICT_OBJC_MSGSEND = YES;
				ENABLE_TESTABILITY = YES;
				GCC_C_LANGUAGE_STANDARD = gnu11;
				GCC_DYNAMIC_NO_PIC = NO;
				GCC_NO_COMMON_BLOCKS = YES;
				GCC_OPTIMIZATION_LEVEL = 0;
				GCC_PREPROCESSOR_DEFINITIONS = (
					"DEBUG=1",
					"$(inherited)",
				);
				GCC_WARN_64_TO_32_BIT_CONVERSION = YES;
				GCC_WARN_ABOUT_RETURN_TYPE = YES_ERROR;
				GCC_WARN_UNDECLARED_SELECTOR = YES;
				GCC_WARN_UNINITIALIZED_AUTOS = YES_AGGRESSIVE;
				GCC_WARN_UNUSED_FUNCTION = YES;
				GCC_WARN_UNUSED_VARIABLE = YES;
				IPHONEOS_DEPLOYMENT_TARGET = 16.2;
				MTL_ENABLE_DEBUG_INFO = INCLUDE_SOURCE;
				MTL_FAST_MATH = YES;
				ONLY_ACTIVE_ARCH = YES;
				SDKROOT = iphoneos;
				SWIFT_ACTIVE_COMPILATION_CONDITIONS = DEBUG;
				SWIFT_OPTIMIZATION_LEVEL = "-Onone";
			};
			name = Debug;
		};
		CAEE0EC12959D2BF002273D3 /* Release */ = {
			isa = XCBuildConfiguration;
			buildSettings = {
				ALWAYS_SEARCH_USER_PATHS = NO;
				CLANG_ANALYZER_NONNULL = YES;
				CLANG_ANALYZER_NUMBER_OBJECT_CONVERSION = YES_AGGRESSIVE;
				CLANG_CXX_LANGUAGE_STANDARD = "gnu++20";
				CLANG_ENABLE_MODULES = YES;
				CLANG_ENABLE_OBJC_ARC = YES;
				CLANG_ENABLE_OBJC_WEAK = YES;
				CLANG_WARN_BLOCK_CAPTURE_AUTORELEASING = YES;
				CLANG_WARN_BOOL_CONVERSION = YES;
				CLANG_WARN_COMMA = YES;
				CLANG_WARN_CONSTANT_CONVERSION = YES;
				CLANG_WARN_DEPRECATED_OBJC_IMPLEMENTATIONS = YES;
				CLANG_WARN_DIRECT_OBJC_ISA_USAGE = YES_ERROR;
				CLANG_WARN_DOCUMENTATION_COMMENTS = YES;
				CLANG_WARN_EMPTY_BODY = YES;
				CLANG_WARN_ENUM_CONVERSION = YES;
				CLANG_WARN_INFINITE_RECURSION = YES;
				CLANG_WARN_INT_CONVERSION = YES;
				CLANG_WARN_NON_LITERAL_NULL_CONVERSION = YES;
				CLANG_WARN_OBJC_IMPLICIT_RETAIN_SELF = YES;
				CLANG_WARN_OBJC_LITERAL_CONVERSION = YES;
				CLANG_WARN_OBJC_ROOT_CLASS = YES_ERROR;
				CLANG_WARN_QUOTED_INCLUDE_IN_FRAMEWORK_HEADER = YES;
				CLANG_WARN_RANGE_LOOP_ANALYSIS = YES;
				CLANG_WARN_STRICT_PROTOTYPES = YES;
				CLANG_WARN_SUSPICIOUS_MOVE = YES;
				CLANG_WARN_UNGUARDED_AVAILABILITY = YES_AGGRESSIVE;
				CLANG_WARN_UNREACHABLE_CODE = YES;
				CLANG_WARN__DUPLICATE_METHOD_MATCH = YES;
				COPY_PHASE_STRIP = NO;
				DEBUG_INFORMATION_FORMAT = "dwarf-with-dsym";
				ENABLE_NS_ASSERTIONS = NO;
				ENABLE_STRICT_OBJC_MSGSEND = YES;
				GCC_C_LANGUAGE_STANDARD = gnu11;
				GCC_NO_COMMON_BLOCKS = YES;
				GCC_WARN_64_TO_32_BIT_CONVERSION = YES;
				GCC_WARN_ABOUT_RETURN_TYPE = YES_ERROR;
				GCC_WARN_UNDECLARED_SELECTOR = YES;
				GCC_WARN_UNINITIALIZED_AUTOS = YES_AGGRESSIVE;
				GCC_WARN_UNUSED_FUNCTION = YES;
				GCC_WARN_UNUSED_VARIABLE = YES;
				IPHONEOS_DEPLOYMENT_TARGET = 16.2;
				MTL_ENABLE_DEBUG_INFO = NO;
				MTL_FAST_MATH = YES;
				SDKROOT = iphoneos;
				SWIFT_COMPILATION_MODE = wholemodule;
				SWIFT_OPTIMIZATION_LEVEL = "-O";
				VALIDATE_PRODUCT = YES;
			};
			name = Release;
		};
		CAEE0EC32959D2BF002273D3 /* Debug */ = {
			isa = XCBuildConfiguration;
			buildSettings = {
				ASSETCATALOG_COMPILER_APPICON_NAME = AppIcon;
				ASSETCATALOG_COMPILER_GLOBAL_ACCENT_COLOR_NAME = AccentColor;
				CODE_SIGN_STYLE = Automatic;
				CURRENT_PROJECT_VERSION = 1;
				DEVELOPMENT_ASSET_PATHS = "\"HeloMap/Preview Content\"";
				DEVELOPMENT_TEAM = Q7L5VHU6H9;
				ENABLE_PREVIEWS = YES;
				GENERATE_INFOPLIST_FILE = YES;
				INFOPLIST_KEY_UIApplicationSceneManifest_Generation = YES;
				INFOPLIST_KEY_UIApplicationSupportsIndirectInputEvents = YES;
				INFOPLIST_KEY_UILaunchScreen_Generation = YES;
				INFOPLIST_KEY_UISupportedInterfaceOrientations_iPad = "UIInterfaceOrientationPortrait UIInterfaceOrientationPortraitUpsideDown UIInterfaceOrientationLandscapeLeft UIInterfaceOrientationLandscapeRight";
				INFOPLIST_KEY_UISupportedInterfaceOrientations_iPhone = "UIInterfaceOrientationPortrait UIInterfaceOrientationLandscapeLeft UIInterfaceOrientationLandscapeRight";
				LD_RUNPATH_SEARCH_PATHS = (
					"$(inherited)",
					"@executable_path/Frameworks",
				);
				MARKETING_VERSION = 1.0;
				PRODUCT_BUNDLE_IDENTIFIER = com.avishka.HeloMap;
				PRODUCT_NAME = "$(TARGET_NAME)";
				SWIFT_EMIT_LOC_STRINGS = YES;
				SWIFT_VERSION = 5.0;
				TARGETED_DEVICE_FAMILY = "1,2";
			};
			name = Debug;
		};
		CAEE0EC42959D2BF002273D3 /* Release */ = {
			isa = XCBuildConfiguration;
			buildSettings = {
				ASSETCATALOG_COMPILER_APPICON_NAME = AppIcon;
				ASSETCATALOG_COMPILER_GLOBAL_ACCENT_COLOR_NAME = AccentColor;
				CODE_SIGN_STYLE = Automatic;
				CURRENT_PROJECT_VERSION = 1;
				DEVELOPMENT_ASSET_PATHS = "\"HeloMap/Preview Content\"";
				DEVELOPMENT_TEAM = Q7L5VHU6H9;
				ENABLE_PREVIEWS = YES;
				GENERATE_INFOPLIST_FILE = YES;
				INFOPLIST_KEY_UIApplicationSceneManifest_Generation = YES;
				INFOPLIST_KEY_UIApplicationSupportsIndirectInputEvents = YES;
				INFOPLIST_KEY_UILaunchScreen_Generation = YES;
				INFOPLIST_KEY_UISupportedInterfaceOrientations_iPad = "UIInterfaceOrientationPortrait UIInterfaceOrientationPortraitUpsideDown UIInterfaceOrientationLandscapeLeft UIInterfaceOrientationLandscapeRight";
				INFOPLIST_KEY_UISupportedInterfaceOrientations_iPhone = "UIInterfaceOrientationPortrait UIInterfaceOrientationLandscapeLeft UIInterfaceOrientationLandscapeRight";
				LD_RUNPATH_SEARCH_PATHS = (
					"$(inherited)",
					"@executable_path/Frameworks",
				);
				MARKETING_VERSION = 1.0;
				PRODUCT_BUNDLE_IDENTIFIER = com.avishka.HeloMap;
				PRODUCT_NAME = "$(TARGET_NAME)";
				SWIFT_EMIT_LOC_STRINGS = YES;
				SWIFT_VERSION = 5.0;
				TARGETED_DEVICE_FAMILY = "1,2";
			};
			name = Release;
		};
/* End XCBuildConfiguration section */

/* Begin XCConfigurationList section */
		CAEE0EAF2959D2BD002273D3 /* Build configuration list for PBXProject "HeloMap" */ = {
			isa = XCConfigurationList;
			buildConfigurations = (
				CAEE0EC02959D2BF002273D3 /* Debug */,
				CAEE0EC12959D2BF002273D3 /* Release */,
			);
			defaultConfigurationIsVisible = 0;
			defaultConfigurationName = Release;
		};
		CAEE0EC22959D2BF002273D3 /* Build configuration list for PBXNativeTarget "HeloMap" */ = {
			isa = XCConfigurationList;
			buildConfigurations = (
				CAEE0EC32959D2BF002273D3 /* Debug */,
				CAEE0EC42959D2BF002273D3 /* Release */,
			);
			defaultConfigurationIsVisible = 0;
			defaultConfigurationName = Release;
		};
/* End XCConfigurationList section */
	};
	rootObject = CAEE0EAC2959D2BD002273D3 /* Project object */;
}
